
Microsoft Visual Studio Solution File, Format Version 12.00
# Visual Studio Version 17
VisualStudioVersion = 17.8.34525.116
MinimumVisualStudioVersion = 10.0.40219.1
Project("{FAE04EC0-301F-11D3-BF4B-00C04F79EFBC}") = "Cumulative1", "Cumulative1\Cumulative1.csproj", "{A8535372-D135-4332-8479-BC8C22B23BFC}"
EndProject
Global
	GlobalSection(SolutionConfigurationPlatforms) = preSolution
		Debug|Any CPU = Debug|Any CPU
		Release|Any CPU = Release|Any CPU
	EndGlobalSection
	GlobalSection(ProjectConfigurationPlatforms) = postSolution
		{A8535372-D135-4332-8479-BC8C22B23BFC}.Debug|Any CPU.ActiveCfg = Debug|Any CPU
		{A8535372-D135-4332-8479-BC8C22B23BFC}.Debug|Any CPU.Build.0 = Debug|Any CPU
		{A8535372-D135-4332-8479-BC8C22B23BFC}.Release|Any CPU.ActiveCfg = Release|Any CPU
		{A8535372-D135-4332-8479-BC8C22B23BFC}.Release|Any CPU.Build.0 = Release|Any CPU
	EndGlobalSection
	GlobalSection(SolutionProperties) = preSolution
		HideSolutionNode = FALSE
	EndGlobalSection
	GlobalSection(ExtensibilityGlobals) = postSolution
		SolutionGuid = {FA006F73-FDCB-464F-B37E-83BF0EB6A4C9}
	EndGlobalSection
EndGlobal
